<?xml version="1.0" encoding="utf-8"?>
<Project ToolsVersion="4.0" xmlns="http://schemas.microsoft.com/developer/msbuild/2003">
  <ItemGroup>
    <Filter Include="源文件">
      <UniqueIdentifier>{4FC737F1-C7A5-4376-A066-2A32D752A2FF}</UniqueIdentifier>
      <Extensions>cpp;c;cc;cxx;def;odl;idl;hpj;bat;asm;asmx</Extensions>
    </Filter>
    <Filter Include="头文件">
      <UniqueIdentifier>{93995380-89BD-4b04-88EB-625FBE52EBFB}</UniqueIdentifier>
      <Extensions>h;hpp;hxx;hm;inl;inc;xsd</Extensions>
    </Filter>
    <Filter Include="资源文件">
      <UniqueIdentifier>{67DA6AB6-F800-4c08-8B7A-83BB121AAD01}</UniqueIdentifier>
      <Extensions>rc;ico;cur;bmp;dlg;rc2;rct;bin;rgs;gif;jpg;jpeg;jpe;resx;tiff;tif;png;wav</Extensions>
    </Filter>
  </ItemGroup>
  <ItemGroup>
    <ClCompile Include="aboutdlg.cpp">
      <Filter>源文件</Filter>
    </ClCompile>
    <ClCompile Include="Leader.cpp">
      <Filter>源文件</Filter>
    </ClCompile>
    <ClCompile Include="LeaderGenerator.cpp">
      <Filter>源文件</Filter>
    </ClCompile>
    <ClCompile Include="LeaderGeneratorDlg.cpp">
      <Filter>源文件</Filter>
    </ClCompile>
    <ClCompile Include="musicfiles.cpp">
      <Filter>源文件</Filter>
    </ClCompile>
    <ClCompile Include="PortSettings.cpp">
      <Filter>源文件</Filter>
    </ClCompile>
    <ClCompile Include="stdafx.cpp">
      <Filter>源文件</Filter>
    </ClCompile>
    <ClCompile Include="Tab0.cpp">
      <Filter>源文件</Filter>
    </ClCompile>
    <ClCompile Include="Tab1.cpp">
      <Filter>源文件</Filter>
    </ClCompile>
    <ClCompile Include="Tab2.cpp">
      <Filter>源文件</Filter>
    </ClCompile>
    <ClCompile Include="Tab3.cpp">
      <Filter>源文件</Filter>
    </ClCompile>
    <ClCompile Include="Tab4.cpp">
      <Filter>源文件</Filter>
    </ClCompile>
    <ClCompile Include="Tab5.cpp">
      <Filter>源文件</Filter>
    </ClCompile>
  </ItemGroup>
  <ItemGroup>
    <ClInclude Include="aboutdlg.h">
      <Filter>头文件</Filter>
    </ClInclude>
    <ClInclude Include="hoi3data.h">
      <Filter>头文件</Filter>
    </ClInclude>
    <ClInclude Include="Leader.h">
      <Filter>头文件</Filter>
    </ClInclude>
    <ClInclude Include="LeaderGenerator.h">
      <Filter>头文件</Filter>
    </ClInclude>
    <ClInclude Include="LeaderGeneratorDlg.h">
      <Filter>头文件</Filter>
    </ClInclude>
    <ClInclude Include="musicfiles.h">
      <Filter>头文件</Filter>
    </ClInclude>
    <ClInclude Include="normal.h">
      <Filter>头文件</Filter>
    </ClInclude>
    <ClInclude Include="PortSettings.h">
      <Filter>头文件</Filter>
    </ClInclude>
    <ClInclude Include="Resource.h">
      <Filter>头文件</Filter>
    </ClInclude>
    <ClInclude Include="stdafx.h">
      <Filter>头文件</Filter>
    </ClInclude>
    <ClInclude Include="Tab0.h">
      <Filter>头文件</Filter>
    </ClInclude>
    <ClInclude Include="Tab1.h">
      <Filter>头文件</Filter>
    </ClInclude>
    <ClInclude Include="Tab2.h">
      <Filter>头文件</Filter>
    </ClInclude>
    <ClInclude Include="Tab3.h">
      <Filter>头文件</Filter>
    </ClInclude>
    <ClInclude Include="Tab4.h">
      <Filter>头文件</Filter>
    </ClInclude>
    <ClInclude Include="Tab5.h">
      <Filter>头文件</Filter>
    </ClInclude>
    <ClInclude Include="targetver.h">
      <Filter>头文件</Filter>
    </ClInclude>
    <ClInclude Include="xmlparse.h">
      <Filter>头文件</Filter>
    </ClInclude>
  </ItemGroup>
  <ItemGroup>
    <Image Include="res\LeaderGenerator.ico">
      <Filter>资源文件</Filter>
    </Image>
  </ItemGroup>
  <ItemGroup>
    <ResourceCompile Include="LeaderGenerator.rc">
      <Filter>资源文件</Filter>
    </ResourceCompile>
  </ItemGroup>
  <ItemGroup>
    <None Include="res\LeaderGenerator.rc2">
      <Filter>资源文件</Filter>
    </None>
  </ItemGroup>
  <ItemGroup>
    <Text Include="..\KB\Chage.txt" />
    <Text Include="ErrorCode.txt" />
    <Text Include="givenname.txt" />
    <Text Include="..\KB\Known Issues.txt" />
    <Text Include="name.txt" />
    <Text Include="ReadMe.txt" />
    <Text Include="surnames.txt" />
  </ItemGroup>
</Project>